<?xml version="1.0" encoding="utf-8"?>
<Project ToolsVersion="4.0" xmlns="http://schemas.microsoft.com/developer/msbuild/2003">
  <ItemGroup>
    <Filter Include="Archivos de origen">
      <UniqueIdentifier>{4FC737F1-C7A5-4376-A066-2A32D752A2FF}</UniqueIdentifier>
      <Extensions>cpp;c;cc;cxx;c++;cppm;ixx;def;odl;idl;hpj;bat;asm;asmx</Extensions>
    </Filter>
    <Filter Include="Archivos de encabezado">
      <UniqueIdentifier>{93995380-89BD-4b04-88EB-625FBE52EBFB}</UniqueIdentifier>
      <Extensions>h;hh;hpp;hxx;h++;hm;inl;inc;ipp;xsd</Extensions>
    </Filter>
    <Filter Include="Archivos de recursos">
      <UniqueIdentifier>{67DA6AB6-F800-4c08-8B7A-83BB121AAD01}</UniqueIdentifier>
      <Extensions>rc;ico;cur;bmp;dlg;rc2;rct;bin;rgs;gif;jpg;jpeg;jpe;resx;tiff;tif;png;wav;mfcribbon-ms</Extensions>
    </Filter>
    <Filter Include="Assets">
      <UniqueIdentifier>{89dd2f2a-9996-4ecb-8248-b212b9372385}</UniqueIdentifier>
    </Filter>
    <Filter Include="Assets\Images">
      <UniqueIdentifier>{277b835b-911e-44b2-8718-8b22b40530b0}</UniqueIdentifier>
    </Filter>
  </ItemGroup>
  <ItemGroup>
    <ClInclude Include="Framework.hpp">
      <Filter>Archivos de encabezado</Filter>
    </ClInclude>
    <ClInclude Include="Targetver.hpp">
      <Filter>Archivos de encabezado</Filter>
    </ClInclude>
    <ClInclude Include="Gtkmm.hpp">
      <Filter>Archivos de encabezado</Filter>
    </ClInclude>
    <ClInclude Include="Gtkmm-end.hpp">
      <Filter>Archivos de encabezado</Filter>
    </ClInclude>
    <ClInclude Include="Resources\Gtk\SplashScreen_gresource.h">
      <Filter>Archivos de encabezado</Filter>
    </ClInclude>
    <ClInclude Include="Resources\Win\Resource.h">
      <Filter>Archivos de encabezado</Filter>
    </ClInclude>
  </ItemGroup>
  <ItemGroup>
    <ClCompile Include="Helpers.ixx">
      <Filter>Archivos de origen</Filter>
    </ClCompile>
    <ClCompile Include="MainWindow.ixx">
      <Filter>Archivos de origen</Filter>
    </ClCompile>
    <ClCompile Include="Application.ixx">
      <Filter>Archivos de origen</Filter>
    </ClCompile>
    <ClCompile Include="Inventory.ixx">
      <Filter>Archivos de origen</Filter>
    </ClCompile>
    <ClCompile Include="Helpers.Win32.ixx">
      <Filter>Archivos de origen</Filter>
    </ClCompile>
    <ClCompile Include="Main.ixx">
      <Filter>Archivos de origen</Filter>
    </ClCompile>
    <ClCompile Include="SplashScreen.ixx">
      <Filter>Archivos de origen</Filter>
    </ClCompile>
    <ClCompile Include="BaseWindow.ixx">
      <Filter>Archivos de origen</Filter>
    </ClCompile>
    <ClCompile Include="LoginWindow.ixx">
      <Filter>Archivos de origen</Filter>
    </ClCompile>
    <ClCompile Include="Resources\Gtk\SplashScreen_gresource.c">
      <Filter>Archivos de origen</Filter>
    </ClCompile>
    <ClCompile Include="Themes.ixx">
      <Filter>Archivos de origen</Filter>
    </ClCompile>
  </ItemGroup>
  <ItemGroup>
    <None Include="vcpkg.json" />
    <None Include="vcpkg-configuration.json" />
  </ItemGroup>
  <ItemGroup>
    <Image Include="Assets\Images\SplashScreen.png">
      <Filter>Assets\Images</Filter>
    </Image>
    <Image Include="Assets\Images\AcrossTec_AppIcon.ico">
      <Filter>Archivos de recursos</Filter>
    </Image>
    <Image Include="Assets\Images\AcrossTec_AppSmallIcon.ico">
      <Filter>Archivos de recursos</Filter>
    </Image>
    <Image Include="Assets\Images\AppIcon1.png">
      <Filter>Archivos de recursos</Filter>
    </Image>
    <Image Include="Assets\Images\AppIcon2.png">
      <Filter>Archivos de recursos</Filter>
    </Image>
  </ItemGroup>
  <ItemGroup>
    <ResourceCompile Include="Resources\Win\AppIcon.rc">
      <Filter>Archivos de recursos</Filter>
    </ResourceCompile>
  </ItemGroup>
  <ItemGroup>
    <Xml Include="Resources\Gtk\SplashScreen.gresource.xml">
      <Filter>Archivos de recursos</Filter>
    </Xml>
  </ItemGroup>
</Project>